
Microsoft Visual Studio Solution File, Format Version 12.00
# Visual Studio Version 16
VisualStudioVersion = 16.0.29709.97
MinimumVisualStudioVersion = 10.0.40219.1
Project("{8BC9CEB8-8B4A-11D0-8D11-00A0C91BC942}") = "2. Linked-List1", "2. Linked-List1\2. Linked-List1.vcxproj", "{57DDB2CA-303D-40E8-92CE-23CE18F43519}"
EndProject
Project("{8BC9CEB8-8B4A-11D0-8D11-00A0C91BC942}") = "1. Recursion", "1. Recursion\DataStructure.vcxproj", "{A21B21B2-BEF6-44CD-A19B-59B3E037E834}"
EndProject
Project("{8BC9CEB8-8B4A-11D0-8D11-00A0C91BC942}") = "3. Linked-List2", "3. Linked-List2\3. Linked-List2.vcxproj", "{0730C72D-D49D-43C6-A6D1-5B11811B4410}"
EndProject
Project("{8BC9CEB8-8B4A-11D0-8D11-00A0C91BC942}") = "4. Circular-LL", "4. Circular-LL\4. Circular-LL.vcxproj", "{B2F011D7-D94A-4B76-A0A0-6C026F24C123}"
EndProject
Project("{8BC9CEB8-8B4A-11D0-8D11-00A0C91BC942}") = "5. Doubly-LL", "5. Doubly-LL\5. Doubly-LL.vcxproj", "{83F0B07B-BDE9-43A2-8D95-9B2EDF43D974}"
EndProject
Project("{8BC9CEB8-8B4A-11D0-8D11-00A0C91BC942}") = "6. ArrayBaseStack", "6. ArrayBaseStack\6. ArrayBaseStack.vcxproj", "{0BE2E8D4-F40B-4A79-BBA9-59CE9BF160B4}"
EndProject
Project("{8BC9CEB8-8B4A-11D0-8D11-00A0C91BC942}") = "7. ListBaseStack", "7. ListBaseStack\7. ListBaseStack.vcxproj", "{D0727996-4556-48E2-9851-D7FDEDBDBFF6}"
EndProject
Project("{8BC9CEB8-8B4A-11D0-8D11-00A0C91BC942}") = "8. Calculator", "8. Calculator\8. Calculator.vcxproj", "{336F18BD-3712-46CB-BADC-4AFB04ADE643}"
EndProject
Project("{8BC9CEB8-8B4A-11D0-8D11-00A0C91BC942}") = "9. CircularQueue", "9. CircularQueue\9. CircularQueue.vcxproj", "{BA0AECCF-4BEA-4DE4-9E29-192ECAB90E9D}"
EndProject
Project("{8BC9CEB8-8B4A-11D0-8D11-00A0C91BC942}") = "10. ListBaseQueue", "10. ListBaseQueue\10. ListBaseQueue.vcxproj", "{7F031845-C33D-4008-90FD-59DE20C85EA4}"
EndProject
Global
	GlobalSection(SolutionConfigurationPlatforms) = preSolution
		Debug|x64 = Debug|x64
		Debug|x86 = Debug|x86
		Release|x64 = Release|x64
		Release|x86 = Release|x86
	EndGlobalSection
	GlobalSection(ProjectConfigurationPlatforms) = postSolution
		{57DDB2CA-303D-40E8-92CE-23CE18F43519}.Debug|x64.ActiveCfg = Debug|x64
		{57DDB2CA-303D-40E8-92CE-23CE18F43519}.Debug|x64.Build.0 = Debug|x64
		{57DDB2CA-303D-40E8-92CE-23CE18F43519}.Debug|x86.ActiveCfg = Debug|Win32
		{57DDB2CA-303D-40E8-92CE-23CE18F43519}.Debug|x86.Build.0 = Debug|Win32
		{57DDB2CA-303D-40E8-92CE-23CE18F43519}.Release|x64.ActiveCfg = Release|x64
		{57DDB2CA-303D-40E8-92CE-23CE18F43519}.Release|x64.Build.0 = Release|x64
		{57DDB2CA-303D-40E8-92CE-23CE18F43519}.Release|x86.ActiveCfg = Release|Win32
		{57DDB2CA-303D-40E8-92CE-23CE18F43519}.Release|x86.Build.0 = Release|Win32
		{A21B21B2-BEF6-44CD-A19B-59B3E037E834}.Debug|x64.ActiveCfg = Debug|x64
		{A21B21B2-BEF6-44CD-A19B-59B3E037E834}.Debug|x64.Build.0 = Debug|x64
		{A21B21B2-BEF6-44CD-A19B-59B3E037E834}.Debug|x86.ActiveCfg = Debug|Win32
		{A21B21B2-BEF6-44CD-A19B-59B3E037E834}.Debug|x86.Build.0 = Debug|Win32
		{A21B21B2-BEF6-44CD-A19B-59B3E037E834}.Release|x64.ActiveCfg = Release|x64
		{A21B21B2-BEF6-44CD-A19B-59B3E037E834}.Release|x64.Build.0 = Release|x64
		{A21B21B2-BEF6-44CD-A19B-59B3E037E834}.Release|x86.ActiveCfg = Release|Win32
		{A21B21B2-BEF6-44CD-A19B-59B3E037E834}.Release|x86.Build.0 = Release|Win32
		{0730C72D-D49D-43C6-A6D1-5B11811B4410}.Debug|x64.ActiveCfg = Debug|x64
		{0730C72D-D49D-43C6-A6D1-5B11811B4410}.Debug|x64.Build.0 = Debug|x64
		{0730C72D-D49D-43C6-A6D1-5B11811B4410}.Debug|x86.ActiveCfg = Debug|Win32
		{0730C72D-D49D-43C6-A6D1-5B11811B4410}.Debug|x86.Build.0 = Debug|Win32
		{0730C72D-D49D-43C6-A6D1-5B11811B4410}.Release|x64.ActiveCfg = Release|x64
		{0730C72D-D49D-43C6-A6D1-5B11811B4410}.Release|x64.Build.0 = Release|x64
		{0730C72D-D49D-43C6-A6D1-5B11811B4410}.Release|x86.ActiveCfg = Release|Win32
		{0730C72D-D49D-43C6-A6D1-5B11811B4410}.Release|x86.Build.0 = Release|Win32
		{B2F011D7-D94A-4B76-A0A0-6C026F24C123}.Debug|x64.ActiveCfg = Debug|x64
		{B2F011D7-D94A-4B76-A0A0-6C026F24C123}.Debug|x64.Build.0 = Debug|x64
		{B2F011D7-D94A-4B76-A0A0-6C026F24C123}.Debug|x86.ActiveCfg = Debug|Win32
		{B2F011D7-D94A-4B76-A0A0-6C026F24C123}.Debug|x86.Build.0 = Debug|Win32
		{B2F011D7-D94A-4B76-A0A0-6C026F24C123}.Release|x64.ActiveCfg = Release|x64
		{B2F011D7-D94A-4B76-A0A0-6C026F24C123}.Release|x64.Build.0 = Release|x64
		{B2F011D7-D94A-4B76-A0A0-6C026F24C123}.Release|x86.ActiveCfg = Release|Win32
		{B2F011D7-D94A-4B76-A0A0-6C026F24C123}.Release|x86.Build.0 = Release|Win32
		{83F0B07B-BDE9-43A2-8D95-9B2EDF43D974}.Debug|x64.ActiveCfg = Debug|x64
		{83F0B07B-BDE9-43A2-8D95-9B2EDF43D974}.Debug|x64.Build.0 = Debug|x64
		{83F0B07B-BDE9-43A2-8D95-9B2EDF43D974}.Debug|x86.ActiveCfg = Debug|Win32
		{83F0B07B-BDE9-43A2-8D95-9B2EDF43D974}.Debug|x86.Build.0 = Debug|Win32
		{83F0B07B-BDE9-43A2-8D95-9B2EDF43D974}.Release|x64.ActiveCfg = Release|x64
		{83F0B07B-BDE9-43A2-8D95-9B2EDF43D974}.Release|x64.Build.0 = Release|x64
		{83F0B07B-BDE9-43A2-8D95-9B2EDF43D974}.Release|x86.ActiveCfg = Release|Win32
		{83F0B07B-BDE9-43A2-8D95-9B2EDF43D974}.Release|x86.Build.0 = Release|Win32
		{0BE2E8D4-F40B-4A79-BBA9-59CE9BF160B4}.Debug|x64.ActiveCfg = Debug|x64
		{0BE2E8D4-F40B-4A79-BBA9-59CE9BF160B4}.Debug|x64.Build.0 = Debug|x64
		{0BE2E8D4-F40B-4A79-BBA9-59CE9BF160B4}.Debug|x86.ActiveCfg = Debug|Win32
		{0BE2E8D4-F40B-4A79-BBA9-59CE9BF160B4}.Debug|x86.Build.0 = Debug|Win32
		{0BE2E8D4-F40B-4A79-BBA9-59CE9BF160B4}.Release|x64.ActiveCfg = Release|x64
		{0BE2E8D4-F40B-4A79-BBA9-59CE9BF160B4}.Release|x64.Build.0 = Release|x64
		{0BE2E8D4-F40B-4A79-BBA9-59CE9BF160B4}.Release|x86.ActiveCfg = Release|Win32
		{0BE2E8D4-F40B-4A79-BBA9-59CE9BF160B4}.Release|x86.Build.0 = Release|Win32
		{D0727996-4556-48E2-9851-D7FDEDBDBFF6}.Debug|x64.ActiveCfg = Debug|x64
		{D0727996-4556-48E2-9851-D7FDEDBDBFF6}.Debug|x64.Build.0 = Debug|x64
		{D0727996-4556-48E2-9851-D7FDEDBDBFF6}.Debug|x86.ActiveCfg = Debug|Win32
		{D0727996-4556-48E2-9851-D7FDEDBDBFF6}.Debug|x86.Build.0 = Debug|Win32
		{D0727996-4556-48E2-9851-D7FDEDBDBFF6}.Release|x64.ActiveCfg = Release|x64
		{D0727996-4556-48E2-9851-D7FDEDBDBFF6}.Release|x64.Build.0 = Release|x64
		{D0727996-4556-48E2-9851-D7FDEDBDBFF6}.Release|x86.ActiveCfg = Release|Win32
		{D0727996-4556-48E2-9851-D7FDEDBDBFF6}.Release|x86.Build.0 = Release|Win32
		{336F18BD-3712-46CB-BADC-4AFB04ADE643}.Debug|x64.ActiveCfg = Debug|x64
		{336F18BD-3712-46CB-BADC-4AFB04ADE643}.Debug|x64.Build.0 = Debug|x64
		{336F18BD-3712-46CB-BADC-4AFB04ADE643}.Debug|x86.ActiveCfg = Debug|Win32
		{336F18BD-3712-46CB-BADC-4AFB04ADE643}.Debug|x86.Build.0 = Debug|Win32
		{336F18BD-3712-46CB-BADC-4AFB04ADE643}.Release|x64.ActiveCfg = Release|x64
		{336F18BD-3712-46CB-BADC-4AFB04ADE643}.Release|x64.Build.0 = Release|x64
		{336F18BD-3712-46CB-BADC-4AFB04ADE643}.Release|x86.ActiveCfg = Release|Win32
		{336F18BD-3712-46CB-BADC-4AFB04ADE643}.Release|x86.Build.0 = Release|Win32
		{BA0AECCF-4BEA-4DE4-9E29-192ECAB90E9D}.Debug|x64.ActiveCfg = Debug|x64
		{BA0AECCF-4BEA-4DE4-9E29-192ECAB90E9D}.Debug|x64.Build.0 = Debug|x64
		{BA0AECCF-4BEA-4DE4-9E29-192ECAB90E9D}.Debug|x86.ActiveCfg = Debug|Win32
		{BA0AECCF-4BEA-4DE4-9E29-192ECAB90E9D}.Debug|x86.Build.0 = Debug|Win32
		{BA0AECCF-4BEA-4DE4-9E29-192ECAB90E9D}.Release|x64.ActiveCfg = Release|x64
		{BA0AECCF-4BEA-4DE4-9E29-192ECAB90E9D}.Release|x64.Build.0 = Release|x64
		{BA0AECCF-4BEA-4DE4-9E29-192ECAB90E9D}.Release|x86.ActiveCfg = Release|Win32
		{BA0AECCF-4BEA-4DE4-9E29-192ECAB90E9D}.Release|x86.Build.0 = Release|Win32
		{7F031845-C33D-4008-90FD-59DE20C85EA4}.Debug|x64.ActiveCfg = Debug|x64
		{7F031845-C33D-4008-90FD-59DE20C85EA4}.Debug|x64.Build.0 = Debug|x64
		{7F031845-C33D-4008-90FD-59DE20C85EA4}.Debug|x86.ActiveCfg = Debug|Win32
		{7F031845-C33D-4008-90FD-59DE20C85EA4}.Debug|x86.Build.0 = Debug|Win32
		{7F031845-C33D-4008-90FD-59DE20C85EA4}.Release|x64.ActiveCfg = Release|x64
		{7F031845-C33D-4008-90FD-59DE20C85EA4}.Release|x64.Build.0 = Release|x64
		{7F031845-C33D-4008-90FD-59DE20C85EA4}.Release|x86.ActiveCfg = Release|Win32
		{7F031845-C33D-4008-90FD-59DE20C85EA4}.Release|x86.Build.0 = Release|Win32
	EndGlobalSection
	GlobalSection(SolutionProperties) = preSolution
		HideSolutionNode = FALSE
	EndGlobalSection
	GlobalSection(ExtensibilityGlobals) = postSolution
		SolutionGuid = {9DE66A0F-B3D0-4A09-9F78-B822B852E73D}
	EndGlobalSection
EndGlobal
